<Solution>
  <Project Path="DataServer.Api/DataServer.Api.csproj" />
  <Project Path="DataServer.Application/DataServer.Application.csproj" />
  <Project Path="DataServer.Connectors/DataServer.Connectors.csproj" />
  <Project Path="DataServer.Domain/DataServer.Domain.csproj" />
  <Project Path="DataServer.Infrastructure/DataServer.Infrastructure.csproj" />
  <Project Path="DataServer.Tests/DataServer.Tests.csproj" />
</Solution>
